
Microsoft Visual Studio Solution File, Format Version 12.00
# Visual Studio Version 17
VisualStudioVersion = 17.2.32519.379
MinimumVisualStudioVersion = 10.0.40219.1
Project("{FAE04EC0-301F-11D3-BF4B-00C04F79EFBC}") = "Vehicles", "Vehicles\Vehicles.csproj", "{9F383E54-ACCF-401D-BAA1-32EEEFB6B78C}"
EndProject
Project("{FAE04EC0-301F-11D3-BF4B-00C04F79EFBC}") = "VehiclesExtension", "VehiclesExtension\VehiclesExtension.csproj", "{D628A28C-3FA9-48FD-8D5E-34B1618E20B6}"
EndProject
Project("{FAE04EC0-301F-11D3-BF4B-00C04F79EFBC}") = "Raiding", "Raiding\Raiding.csproj", "{D4128700-07EB-44F3-98ED-C1B398496593}"
EndProject
Project("{FAE04EC0-301F-11D3-BF4B-00C04F79EFBC}") = "WildFarm", "WildFarm\WildFarm.csproj", "{FC6E004A-8A62-4EE9-9A8F-A51B0EFD00B0}"
EndProject
Global
	GlobalSection(SolutionConfigurationPlatforms) = preSolution
		Debug|Any CPU = Debug|Any CPU
		Release|Any CPU = Release|Any CPU
	EndGlobalSection
	GlobalSection(ProjectConfigurationPlatforms) = postSolution
		{9F383E54-ACCF-401D-BAA1-32EEEFB6B78C}.Debug|Any CPU.ActiveCfg = Debug|Any CPU
		{9F383E54-ACCF-401D-BAA1-32EEEFB6B78C}.Debug|Any CPU.Build.0 = Debug|Any CPU
		{9F383E54-ACCF-401D-BAA1-32EEEFB6B78C}.Release|Any CPU.ActiveCfg = Release|Any CPU
		{9F383E54-ACCF-401D-BAA1-32EEEFB6B78C}.Release|Any CPU.Build.0 = Release|Any CPU
		{D628A28C-3FA9-48FD-8D5E-34B1618E20B6}.Debug|Any CPU.ActiveCfg = Debug|Any CPU
		{D628A28C-3FA9-48FD-8D5E-34B1618E20B6}.Debug|Any CPU.Build.0 = Debug|Any CPU
		{D628A28C-3FA9-48FD-8D5E-34B1618E20B6}.Release|Any CPU.ActiveCfg = Release|Any CPU
		{D628A28C-3FA9-48FD-8D5E-34B1618E20B6}.Release|Any CPU.Build.0 = Release|Any CPU
		{D4128700-07EB-44F3-98ED-C1B398496593}.Debug|Any CPU.ActiveCfg = Debug|Any CPU
		{D4128700-07EB-44F3-98ED-C1B398496593}.Debug|Any CPU.Build.0 = Debug|Any CPU
		{D4128700-07EB-44F3-98ED-C1B398496593}.Release|Any CPU.ActiveCfg = Release|Any CPU
		{D4128700-07EB-44F3-98ED-C1B398496593}.Release|Any CPU.Build.0 = Release|Any CPU
		{FC6E004A-8A62-4EE9-9A8F-A51B0EFD00B0}.Debug|Any CPU.ActiveCfg = Debug|Any CPU
		{FC6E004A-8A62-4EE9-9A8F-A51B0EFD00B0}.Debug|Any CPU.Build.0 = Debug|Any CPU
		{FC6E004A-8A62-4EE9-9A8F-A51B0EFD00B0}.Release|Any CPU.ActiveCfg = Release|Any CPU
		{FC6E004A-8A62-4EE9-9A8F-A51B0EFD00B0}.Release|Any CPU.Build.0 = Release|Any CPU
	EndGlobalSection
	GlobalSection(SolutionProperties) = preSolution
		HideSolutionNode = FALSE
	EndGlobalSection
	GlobalSection(ExtensibilityGlobals) = postSolution
		SolutionGuid = {10EB1CA2-FF4F-4366-9A0C-27324DBAC6A8}
	EndGlobalSection
EndGlobal
