
Microsoft Visual Studio Solution File, Format Version 12.00
# Visual Studio Version 17
VisualStudioVersion = 17.2.32519.379
MinimumVisualStudioVersion = 10.0.40219.1
Project("{FAE04EC0-301F-11D3-BF4B-00C04F79EFBC}") = "00.Demo", "00.Demo\00.Demo.csproj", "{924AC3D0-2101-43DE-B7D3-E5ED4802BE74}"
EndProject
Project("{FAE04EC0-301F-11D3-BF4B-00C04F79EFBC}") = "PersonsInfo", "PersonsInfo\PersonsInfo.csproj", "{2A930EAB-32E6-415F-B5F1-2E6D9823C89E}"
EndProject
Global
	GlobalSection(SolutionConfigurationPlatforms) = preSolution
		Debug|Any CPU = Debug|Any CPU
		Release|Any CPU = Release|Any CPU
	EndGlobalSection
	GlobalSection(ProjectConfigurationPlatforms) = postSolution
		{924AC3D0-2101-43DE-B7D3-E5ED4802BE74}.Debug|Any CPU.ActiveCfg = Debug|Any CPU
		{924AC3D0-2101-43DE-B7D3-E5ED4802BE74}.Debug|Any CPU.Build.0 = Debug|Any CPU
		{924AC3D0-2101-43DE-B7D3-E5ED4802BE74}.Release|Any CPU.ActiveCfg = Release|Any CPU
		{924AC3D0-2101-43DE-B7D3-E5ED4802BE74}.Release|Any CPU.Build.0 = Release|Any CPU
		{2A930EAB-32E6-415F-B5F1-2E6D9823C89E}.Debug|Any CPU.ActiveCfg = Debug|Any CPU
		{2A930EAB-32E6-415F-B5F1-2E6D9823C89E}.Debug|Any CPU.Build.0 = Debug|Any CPU
		{2A930EAB-32E6-415F-B5F1-2E6D9823C89E}.Release|Any CPU.ActiveCfg = Release|Any CPU
		{2A930EAB-32E6-415F-B5F1-2E6D9823C89E}.Release|Any CPU.Build.0 = Release|Any CPU
	EndGlobalSection
	GlobalSection(SolutionProperties) = preSolution
		HideSolutionNode = FALSE
	EndGlobalSection
	GlobalSection(ExtensibilityGlobals) = postSolution
		SolutionGuid = {15B2005F-6170-4CD5-AFE3-ECF9EA8D864C}
	EndGlobalSection
EndGlobal
