
Microsoft Visual Studio Solution File, Format Version 12.00
# Visual Studio Version 17
VisualStudioVersion = 17.2.32519.379
MinimumVisualStudioVersion = 10.0.40219.1
Project("{9A19103F-16F7-4668-BE54-9A1E7A4F7556}") = "00.Demo", "00.Demo\00.Demo.csproj", "{0F145D34-0247-4A4B-93D3-CDFFBD3AA36C}"
EndProject
Project("{FAE04EC0-301F-11D3-BF4B-00C04F79EFBC}") = "Farm", "Farm\Farm.csproj", "{3BA7E40D-86AA-496D-B3C3-FA16D8856E12}"
EndProject
Project("{FAE04EC0-301F-11D3-BF4B-00C04F79EFBC}") = "CustomRandomList", "CustomRandomList\CustomRandomList.csproj", "{BEBE932C-8979-4CA5-BAE7-68F1288C3668}"
EndProject
Global
	GlobalSection(SolutionConfigurationPlatforms) = preSolution
		Debug|Any CPU = Debug|Any CPU
		Release|Any CPU = Release|Any CPU
	EndGlobalSection
	GlobalSection(ProjectConfigurationPlatforms) = postSolution
		{0F145D34-0247-4A4B-93D3-CDFFBD3AA36C}.Debug|Any CPU.ActiveCfg = Debug|Any CPU
		{0F145D34-0247-4A4B-93D3-CDFFBD3AA36C}.Debug|Any CPU.Build.0 = Debug|Any CPU
		{0F145D34-0247-4A4B-93D3-CDFFBD3AA36C}.Release|Any CPU.ActiveCfg = Release|Any CPU
		{0F145D34-0247-4A4B-93D3-CDFFBD3AA36C}.Release|Any CPU.Build.0 = Release|Any CPU
		{3BA7E40D-86AA-496D-B3C3-FA16D8856E12}.Debug|Any CPU.ActiveCfg = Debug|Any CPU
		{3BA7E40D-86AA-496D-B3C3-FA16D8856E12}.Debug|Any CPU.Build.0 = Debug|Any CPU
		{3BA7E40D-86AA-496D-B3C3-FA16D8856E12}.Release|Any CPU.ActiveCfg = Release|Any CPU
		{3BA7E40D-86AA-496D-B3C3-FA16D8856E12}.Release|Any CPU.Build.0 = Release|Any CPU
		{BEBE932C-8979-4CA5-BAE7-68F1288C3668}.Debug|Any CPU.ActiveCfg = Debug|Any CPU
		{BEBE932C-8979-4CA5-BAE7-68F1288C3668}.Debug|Any CPU.Build.0 = Debug|Any CPU
		{BEBE932C-8979-4CA5-BAE7-68F1288C3668}.Release|Any CPU.ActiveCfg = Release|Any CPU
		{BEBE932C-8979-4CA5-BAE7-68F1288C3668}.Release|Any CPU.Build.0 = Release|Any CPU
	EndGlobalSection
	GlobalSection(SolutionProperties) = preSolution
		HideSolutionNode = FALSE
	EndGlobalSection
	GlobalSection(ExtensibilityGlobals) = postSolution
		SolutionGuid = {BEF6F4A9-00FF-45FD-A063-60C0052D30F6}
	EndGlobalSection
EndGlobal
